
Microsoft Visual Studio Solution File, Format Version 12.00
# Visual Studio 15
VisualStudioVersion = 15.0.27130.2020
MinimumVisualStudioVersion = 10.0.40219.1
Project("{9092AA53-FB77-4645-B42D-1CCCA6BD08BD}") = "client", "client\client.njsproj", "{FF44E163-18AA-4B07-870A-7EDC7497A11D}"
EndProject
Project("{2150E333-8FDC-42A3-9474-1A3956D46DE8}") = "Solution Items", "Solution Items", "{AA4A931E-B7E9-457E-8D90-E889CF0F466E}"
	ProjectSection(SolutionItems) = preProject
		.gitignore = .gitignore
	EndProjectSection
EndProject
Global
	GlobalSection(SolutionConfigurationPlatforms) = preSolution
		Debug|Any CPU = Debug|Any CPU
		Release|Any CPU = Release|Any CPU
	EndGlobalSection
	GlobalSection(ProjectConfigurationPlatforms) = postSolution
		{FF44E163-18AA-4B07-870A-7EDC7497A11D}.Debug|Any CPU.ActiveCfg = Debug|Any CPU
		{FF44E163-18AA-4B07-870A-7EDC7497A11D}.Debug|Any CPU.Build.0 = Debug|Any CPU
		{FF44E163-18AA-4B07-870A-7EDC7497A11D}.Release|Any CPU.ActiveCfg = Release|Any CPU
		{FF44E163-18AA-4B07-870A-7EDC7497A11D}.Release|Any CPU.Build.0 = Release|Any CPU
	EndGlobalSection
	GlobalSection(SolutionProperties) = preSolution
		HideSolutionNode = FALSE
	EndGlobalSection
	GlobalSection(ExtensibilityGlobals) = postSolution
		SolutionGuid = {D5E96287-C44D-437B-A3E8-FF2038835C36}
	EndGlobalSection
EndGlobal
